[[package]]
name = "atomicwrites"
version = "1.4.0"
description = "Atomic file writes."
category = "dev"
optional = false
python-versions = ">=2.7, !=3.0.*, !=3.1.*, !=3.2.*, !=3.3.*"

[[package]]
name = "attrs"
version = "20.2.0"
description = "Classes Without Boilerplate"
category = "dev"
optional = false
python-versions = ">=2.7, !=3.0.*, !=3.1.*, !=3.2.*, !=3.3.*"

[package.extras]
dev = ["coverage[toml] (>=5.0.2)", "hypothesis", "pympler", "pytest (>=4.3.0)", "six", "zope.interface", "sphinx", "sphinx-rtd-theme", "pre-commit"]
docs = ["sphinx", "sphinx-rtd-theme", "zope.interface"]
tests = ["coverage[toml] (>=5.0.2)", "hypothesis", "pympler", "pytest (>=4.3.0)", "six", "zope.interface"]
tests_no_zope = ["coverage[toml] (>=5.0.2)", "hypothesis", "pympler", "pytest (>=4.3.0)", "six"]

[[package]]
name = "click"
version = "7.1.2"
description = "Composable command line interface toolkit"
category = "main"
optional = false
python-versions = ">=2.7, !=3.0.*, !=3.1.*, !=3.2.*, !=3.3.*, !=3.4.*"

[[package]]
name = "colorama"
version = "0.4.4"
description = "Cross-platform colored terminal text."
category = "dev"
optional = false
python-versions = ">=2.7, !=3.0.*, !=3.1.*, !=3.2.*, !=3.3.*, !=3.4.*"

[[package]]
name = "fastapi"
version = "0.61.1"
description = "FastAPI framework, high performance, easy to learn, fast to code, ready for production"
category = "main"
optional = false
python-versions = ">=3.6"

[package.dependencies]
pydantic = ">=1.0.0,<2.0.0"
starlette = "0.13.6"

[package.extras]
all = ["requests (>=2.24.0,<3.0.0)", "aiofiles (>=0.5.0,<0.6.0)", "jinja2 (>=2.11.2,<3.0.0)", "python-multipart (>=0.0.5,<0.0.6)", "itsdangerous (>=1.1.0,<2.0.0)", "pyyaml (>=5.3.1,<6.0.0)", "graphene (>=2.1.8,<3.0.0)", "ujson (>=3.0.0,<4.0.0)", "orjson (>=3.2.1,<4.0.0)", "email_validator (>=1.1.1,<2.0.0)", "uvicorn (>=0.11.5,<0.12.0)", "async_exit_stack (>=1.0.1,<2.0.0)", "async_generator (>=1.10,<2.0.0)"]
dev = ["python-jose[cryptography] (>=3.1.0,<4.0.0)", "passlib[bcrypt] (>=1.7.2,<2.0.0)", "autoflake (>=1.3.1,<2.0.0)", "flake8 (>=3.8.3,<4.0.0)", "uvicorn (>=0.11.5,<0.12.0)", "graphene (>=2.1.8,<3.0.0)"]
doc = ["mkdocs (>=1.1.2,<2.0.0)", "mkdocs-material (>=5.5.0,<6.0.0)", "markdown-include (>=0.5.1,<0.6.0)", "mkdocs-markdownextradata-plugin (>=0.1.7,<0.2.0)", "typer (>=0.3.0,<0.4.0)", "typer-cli (>=0.0.9,<0.0.10)", "pyyaml (>=5.3.1,<6.0.0)"]
test = ["pytest (==5.4.3)", "pytest-cov (==2.10.0)", "pytest-asyncio (>=0.14.0,<0.15.0)", "mypy (==0.782)", "flake8 (>=3.8.3,<4.0.0)", "black (==19.10b0)", "isort (>=5.0.6,<6.0.0)", "requests (>=2.24.0,<3.0.0)", "httpx (>=0.14.0,<0.15.0)", "email_validator (>=1.1.1,<2.0.0)", "sqlalchemy (>=1.3.18,<2.0.0)", "peewee (>=3.13.3,<4.0.0)", "databases[sqlite] (>=0.3.2,<0.4.0)", "orjson (>=3.2.1,<4.0.0)", "async_exit_stack (>=1.0.1,<2.0.0)", "async_generator (>=1.10,<2.0.0)", "python-multipart (>=0.0.5,<0.0.6)", "aiofiles (>=0.5.0,<0.6.0)", "flask (>=1.1.2,<2.0.0)"]

[[package]]
name = "freezegun"
version = "1.0.0"
description = "Let your Python tests travel through time"
category = "dev"
optional = false
python-versions = ">=3.5"

[package.dependencies]
python-dateutil = ">=2.7"

[[package]]
name = "grpcio"
version = "1.33.1"
description = "HTTP/2-based RPC framework"
category = "main"
optional = false
python-versions = "*"

[package.dependencies]
six = ">=1.5.2"

[package.extras]
protobuf = ["grpcio-tools (>=1.33.1)"]

[[package]]
name = "grpcio-tools"
version = "1.33.1"
description = "Protobuf code generator for gRPC"
category = "dev"
optional = false
python-versions = "*"

[package.dependencies]
grpcio = ">=1.33.1"
protobuf = ">=3.5.0.post1,<4.0dev"

[[package]]
name = "h11"
version = "0.11.0"
description = "A pure-Python, bring-your-own-I/O implementation of HTTP/1.1"
category = "main"
optional = false
python-versions = "*"

[[package]]
name = "invoke"
version = "1.4.1"
description = "Pythonic task execution"
category = "dev"
optional = false
python-versions = "*"

[[package]]
name = "more-itertools"
version = "8.5.0"
description = "More routines for operating on iterables, beyond itertools"
category = "dev"
optional = false
python-versions = ">=3.5"

[[package]]
name = "packaging"
version = "20.4"
description = "Core utilities for Python packages"
category = "dev"
optional = false
python-versions = ">=2.7, !=3.0.*, !=3.1.*, !=3.2.*, !=3.3.*"

[package.dependencies]
pyparsing = ">=2.0.2"
six = "*"

[[package]]
name = "peewee"
version = "3.13.3"
description = "a little orm"
category = "main"
optional = false
python-versions = "*"

[[package]]
name = "pluggy"
version = "0.13.1"
description = "plugin and hook calling mechanisms for python"
category = "dev"
optional = false
python-versions = ">=2.7, !=3.0.*, !=3.1.*, !=3.2.*, !=3.3.*"

[package.extras]
dev = ["pre-commit", "tox"]

[[package]]
name = "protobuf"
version = "3.13.0"
description = "Protocol Buffers"
category = "dev"
optional = false
python-versions = "*"

[package.dependencies]
six = ">=1.9"

[[package]]
name = "py"
version = "1.9.0"
description = "library with cross-python path, ini-parsing, io, code, log facilities"
category = "dev"
optional = false
python-versions = ">=2.7, !=3.0.*, !=3.1.*, !=3.2.*, !=3.3.*"

[[package]]
name = "pydantic"
version = "1.6.1"
description = "Data validation and settings management using python 3.6 type hinting"
category = "main"
optional = false
python-versions = ">=3.6"

[package.extras]
dotenv = ["python-dotenv (>=0.10.4)"]
email = ["email-validator (>=1.0.3)"]
typing_extensions = ["typing-extensions (>=3.7.2)"]

[[package]]
name = "pyparsing"
version = "2.4.7"
description = "Python parsing module"
category = "dev"
optional = false
python-versions = ">=2.6, !=3.0.*, !=3.1.*, !=3.2.*"

[[package]]
name = "pytest"
version = "5.4.3"
description = "pytest: simple powerful testing with Python"
category = "dev"
optional = false
python-versions = ">=3.5"

[package.dependencies]
atomicwrites = {version = ">=1.0", markers = "sys_platform == \"win32\""}
attrs = ">=17.4.0"
colorama = {version = "*", markers = "sys_platform == \"win32\""}
more-itertools = ">=4.0.0"
packaging = "*"
pluggy = ">=0.12,<1.0"
py = ">=1.5.0"
wcwidth = "*"

[package.extras]
checkqa-mypy = ["mypy (==v0.761)"]
testing = ["argcomplete", "hypothesis (>=3.56)", "mock", "nose", "requests", "xmlschema"]

[[package]]
name = "pytest-freezegun"
version = "0.4.2"
description = "Wrap tests with fixtures in freeze_time"
category = "dev"
optional = false
python-versions = "*"

[package.dependencies]
freezegun = ">0.3"
pytest = ">=3.0.0"

[[package]]
name = "python-dateutil"
version = "2.8.1"
description = "Extensions to the standard Python datetime module"
category = "dev"
optional = false
python-versions = "!=3.0.*,!=3.1.*,!=3.2.*,>=2.7"

[package.dependencies]
six = ">=1.5"

[[package]]
name = "six"
version = "1.15.0"
description = "Python 2 and 3 compatibility utilities"
category = "main"
optional = false
python-versions = ">=2.7, !=3.0.*, !=3.1.*, !=3.2.*"

[[package]]
name = "sqlalchemy"
version = "1.3.20"
description = "Database Abstraction Library"
category = "main"
optional = false
python-versions = ">=2.7, !=3.0.*, !=3.1.*, !=3.2.*, !=3.3.*"

[package.extras]
mssql = ["pyodbc"]
mssql_pymssql = ["pymssql"]
mssql_pyodbc = ["pyodbc"]
mysql = ["mysqlclient"]
oracle = ["cx-oracle"]
postgresql = ["psycopg2"]
postgresql_pg8000 = ["pg8000"]
postgresql_psycopg2binary = ["psycopg2-binary"]
postgresql_psycopg2cffi = ["psycopg2cffi"]
pymysql = ["pymysql"]

[[package]]
name = "starlette"
version = "0.13.6"
description = "The little ASGI library that shines."
category = "main"
optional = false
python-versions = ">=3.6"

[package.extras]
full = ["aiofiles", "graphene", "itsdangerous", "jinja2", "python-multipart", "pyyaml", "requests", "ujson"]

[[package]]
name = "stories"
version = "3.0.0"
description = "Define a user story in the business transaction DSL"
category = "main"
optional = false
python-versions = ">=3.6,<3.9"

[[package]]
name = "uvicorn"
version = "0.12.2"
description = "The lightning-fast ASGI server."
category = "main"
optional = false
python-versions = "*"

[package.dependencies]
click = ">=7.0.0,<8.0.0"
h11 = ">=0.8"

[package.extras]
standard = ["websockets (>=8.0.0,<9.0.0)", "watchgod (>=0.6,<0.7)", "python-dotenv (>=0.13)", "PyYAML (>=5.1)", "httptools (>=0.1.0,<0.2.0)", "uvloop (>=0.14.0)", "colorama (>=0.4)"]

[[package]]
name = "wcwidth"
version = "0.2.5"
description = "Measures the displayed width of unicode strings in a terminal"
category = "dev"
optional = false
python-versions = "*"

[metadata]
lock-version = "1.1"
python-versions = ">=3.8,<3.9"
content-hash = "2b12fd5763a6e3f60e1f7c031fd34365465b8cc17a87b0725a4effa4a24585e7"

[metadata.files]
atomicwrites = [
    {file = "atomicwrites-1.4.0-py2.py3-none-any.whl", hash = "sha256:6d1784dea7c0c8d4a5172b6c620f40b6e4cbfdf96d783691f2e1302a7b88e197"},
    {file = "atomicwrites-1.4.0.tar.gz", hash = "sha256:ae70396ad1a434f9c7046fd2dd196fc04b12f9e91ffb859164193be8b6168a7a"},
]
attrs = [
    {file = "attrs-20.2.0-py2.py3-none-any.whl", hash = "sha256:fce7fc47dfc976152e82d53ff92fa0407700c21acd20886a13777a0d20e655dc"},
    {file = "attrs-20.2.0.tar.gz", hash = "sha256:26b54ddbbb9ee1d34d5d3668dd37d6cf74990ab23c828c2888dccdceee395594"},
]
click = [
    {file = "click-7.1.2-py2.py3-none-any.whl", hash = "sha256:dacca89f4bfadd5de3d7489b7c8a566eee0d3676333fbb50030263894c38c0dc"},
    {file = "click-7.1.2.tar.gz", hash = "sha256:d2b5255c7c6349bc1bd1e59e08cd12acbbd63ce649f2588755783aa94dfb6b1a"},
]
colorama = [
    {file = "colorama-0.4.4-py2.py3-none-any.whl", hash = "sha256:9f47eda37229f68eee03b24b9748937c7dc3868f906e8ba69fbcbdd3bc5dc3e2"},
]
fastapi = [
    {file = "fastapi-0.61.1-py3-none-any.whl", hash = "sha256:6cc31bb555dd8ca956d1d227477d661e4ac012337242a41d36214ffbda78bfe9"},
    {file = "fastapi-0.61.1.tar.gz", hash = "sha256:61ed73b4304413a2ea618d1b95ea866ee386e0e62dd8659c4f5059286f4a39c2"},
]
freezegun = [
    {file = "freezegun-1.0.0-py2.py3-none-any.whl", hash = "sha256:02b35de52f4699a78f6ac4518e4cd3390dddc43b0aeb978335a8f270a2d9668b"},
    {file = "freezegun-1.0.0.tar.gz", hash = "sha256:1cf08e441f913ff5e59b19cc065a8faa9dd1ddc442eaf0375294f344581a0643"},
]
grpcio = [
    {file = "grpcio-1.33.1-cp27-cp27m-macosx_10_9_x86_64.whl", hash = "sha256:1205bbe8bb41705dec20dc77c51205d05805d785ddae64dbbbbcc8063b7f1550"},
    {file = "grpcio-1.33.1-cp27-cp27m-manylinux2010_i686.whl", hash = "sha256:04712ec521907b814445f915a834e090352173ede45c6063dfafa64a1e1eb86f"},
    {file = "grpcio-1.33.1-cp27-cp27m-manylinux2010_x86_64.whl", hash = "sha256:b20f555557c12f4c7c32f298b8b8202da49902ce008e4c0bdb0a83f8de2355c9"},
    {file = "grpcio-1.33.1-cp27-cp27m-win32.whl", hash = "sha256:1664a3dbd34ab91172149526fb8ba18f626edb72448397280ec6f4d30dc34be4"},
    {file = "grpcio-1.33.1-cp27-cp27m-win_amd64.whl", hash = "sha256:ffc6e264399ac5e48684f33213b086ce7a2163928a41518eca99e1d88c2069b0"},
    {file = "grpcio-1.33.1-cp27-cp27mu-linux_armv7l.whl", hash = "sha256:d9ac1cf1633ccc561d7d97ee0af3fbe262a6573c08a8f88cfea58caef1c73505"},
    {file = "grpcio-1.33.1-cp27-cp27mu-manylinux2010_i686.whl", hash = "sha256:ccf967e1e3d1f62cd63feeecca567511dd321b5b65abfb6c880264295a0e2df7"},
    {file = "grpcio-1.33.1-cp27-cp27mu-manylinux2010_x86_64.whl", hash = "sha256:d3d6f614b5e9c58afc45fbe0383bab206392f2901ebb7fe0027d4abadad7e4e6"},
    {file = "grpcio-1.33.1-cp35-cp35m-linux_armv7l.whl", hash = "sha256:6ffe23e3f845ae7058b32f58b252bc367865d44a8c42838e16b5fe5727b174d4"},
    {file = "grpcio-1.33.1-cp35-cp35m-macosx_10_7_intel.whl", hash = "sha256:e2555101f42dda5ca43ccef4a397ba9596a5f7c40dcfed6a81984374c6d60411"},
    {file = "grpcio-1.33.1-cp35-cp35m-manylinux2010_i686.whl", hash = "sha256:f34df047f72ec675b61316e9d56904d069f5f9c4172bfee48e3f40d5c8e07df1"},
    {file = "grpcio-1.33.1-cp35-cp35m-manylinux2010_x86_64.whl", hash = "sha256:b380f590f28a51f31eaa1c6991b93f5af39158956a0e6bb7ab6fdd3e830055b6"},
    {file = "grpcio-1.33.1-cp35-cp35m-manylinux2014_i686.whl", hash = "sha256:60765d070dadfce363c74175ff96dbdf5b15f8bcf999bedafc972b938899fd7a"},
    {file = "grpcio-1.33.1-cp35-cp35m-manylinux2014_x86_64.whl", hash = "sha256:07ed96a6c320505456be2e95edcdcec3e484beff9edaa46bdb6f9e5b88eebc2b"},
    {file = "grpcio-1.33.1-cp35-cp35m-win32.whl", hash = "sha256:c7ffff3d6c935bf400d329ad33e2326e4917885f1faa3e985eb6bcf43bea88bc"},
    {file = "grpcio-1.33.1-cp35-cp35m-win_amd64.whl", hash = "sha256:8872620c946733dbc6336243c98440ef4d1b2956578b682c2f67543aef98e815"},
    {file = "grpcio-1.33.1-cp36-cp36m-linux_armv7l.whl", hash = "sha256:57fb11dcf7d801ccae146f92a07f70545e8f0042354b856ccb9085f39c15564f"},
    {file = "grpcio-1.33.1-cp36-cp36m-macosx_10_9_x86_64.whl", hash = "sha256:62d2dbc5ab27fe7a33b30ab0395c1c65bf1033cca17e645279420094c99327a1"},
    {file = "grpcio-1.33.1-cp36-cp36m-manylinux2010_i686.whl", hash = "sha256:c9dd598f8b96e86f99628fbd615cbab97328557a77f06ad8cd720bc8a2125a8b"},
    {file = "grpcio-1.33.1-cp36-cp36m-manylinux2010_x86_64.whl", hash = "sha256:774678e29321fc76bbe01d25e8778fbe96fd2d9fbe774c24a122891b34f53918"},
    {file = "grpcio-1.33.1-cp36-cp36m-manylinux2014_i686.whl", hash = "sha256:254a42e13d945c880a8d35a63c646227e691b7c085e433a505fbbaea362bfe1e"},
    {file = "grpcio-1.33.1-cp36-cp36m-manylinux2014_x86_64.whl", hash = "sha256:f8816e38fbddd31216683a283b48294d7eabd4bf1e26f8cc0cb7bed896f44f30"},
    {file = "grpcio-1.33.1-cp36-cp36m-win32.whl", hash = "sha256:21c235f7f8f3a1fb6db387ffc9ceef38bd4b3f5185b4b6b43065a57fd1fcda20"},
    {file = "grpcio-1.33.1-cp36-cp36m-win_amd64.whl", hash = "sha256:fb7e9029ec99568519f9a13a9da4e5a83020197ffbfb23a28fe4e58a2c3ae11c"},
    {file = "grpcio-1.33.1-cp37-cp37m-macosx_10_9_x86_64.whl", hash = "sha256:d41e2d75f836a0e0e637a7c383d668602063ec655de8bf4b3167b3d1fddabf41"},
    {file = "grpcio-1.33.1-cp37-cp37m-manylinux2010_i686.whl", hash = "sha256:0222ceec7e8dbddd18c6b027214fb3d55b78a823337f95730d4e157b733c5766"},
    {file = "grpcio-1.33.1-cp37-cp37m-manylinux2010_x86_64.whl", hash = "sha256:143028a0421ac0af976a08fbc36de09e14cbdd74d4dc319f914e3511b737c659"},
    {file = "grpcio-1.33.1-cp37-cp37m-manylinux2014_i686.whl", hash = "sha256:e699ddfd287230b8efa6aca3932f7303e587025bdd4122ccbca9134857cca8a2"},
    {file = "grpcio-1.33.1-cp37-cp37m-manylinux2014_x86_64.whl", hash = "sha256:b9e672396fef071ecd4b0ffca59c05d668ddce19a44ef6c253f7d88bbe2ed246"},
    {file = "grpcio-1.33.1-cp37-cp37m-win32.whl", hash = "sha256:6a45081ece2279678f104e40a3683772fc1a917aac5c4352bd0769bd390470e5"},
    {file = "grpcio-1.33.1-cp37-cp37m-win_amd64.whl", hash = "sha256:ec7ded77c8644a791fa09ad4d20b258b4b5aff1e4cc62e15e6c4b3a4e19eb898"},
    {file = "grpcio-1.33.1-cp38-cp38-macosx_10_9_x86_64.whl", hash = "sha256:a48518e831573c7592064fb67aab61b33c279c944da2632e5922badb422ce175"},
    {file = "grpcio-1.33.1-cp38-cp38-manylinux2010_i686.whl", hash = "sha256:ef89d99d5fbdd453e52b4193d5cf74f773fafd682dfd87b4fa297dbf20feff50"},
    {file = "grpcio-1.33.1-cp38-cp38-manylinux2010_x86_64.whl", hash = "sha256:ccefa3fc8a1fbed1beac7de64e6b28fa16c4fd224fad90213f9293dcb3ff1c0e"},
    {file = "grpcio-1.33.1-cp38-cp38-manylinux2014_i686.whl", hash = "sha256:a498effc32dd57dfde8d75b266d6656ab2bc0b20188ef3422f060244442c4b39"},
    {file = "grpcio-1.33.1-cp38-cp38-manylinux2014_x86_64.whl", hash = "sha256:e88210253bda4c92c22d74d122f43e53e204211b22dc5567367f40ce0197e378"},
    {file = "grpcio-1.33.1-cp38-cp38-win32.whl", hash = "sha256:21077fc89374b3c25377010ca7ddde6287007a6f0a1c515887f43d5ad84dc431"},
    {file = "grpcio-1.33.1-cp38-cp38-win_amd64.whl", hash = "sha256:47ccf4b6b3ae4fd192500a78af7f191f1c88ee7493744a75657b970b4b17e678"},
    {file = "grpcio-1.33.1-cp39-cp39-macosx_10_9_x86_64.whl", hash = "sha256:976f30637bb89b3ca714a3a762c825ef7c4bb38c6b43d7425c02e620ba47ef82"},
    {file = "grpcio-1.33.1-cp39-cp39-manylinux2010_i686.whl", hash = "sha256:7e0029ec181c4d3ca76217f8c8b686b96a583d74b893ac86b514f6c37a74889b"},
    {file = "grpcio-1.33.1-cp39-cp39-manylinux2010_x86_64.whl", hash = "sha256:5c232df1cea26f53b763d1fc2d28ddef209de2a7fb20efc8d6a19ea47ac61dbb"},
    {file = "grpcio-1.33.1-cp39-cp39-manylinux2014_i686.whl", hash = "sha256:66c1850ddd8e032655d947d18b56826c942c002e5e9a50b659389cbbb9d557df"},
    {file = "grpcio-1.33.1-cp39-cp39-manylinux2014_x86_64.whl", hash = "sha256:f2c63017125fbffd70f674fc9988290578c836af7e6bb44f7284ff196af207c9"},
    {file = "grpcio-1.33.1.tar.gz", hash = "sha256:f19782ec5104599382a0f73f2dfea465d0e65f6818bb3c49ca672b97034c64c3"},
]
grpcio-tools = [
    {file = "grpcio-tools-1.33.1.tar.gz", hash = "sha256:fc56027931694be7a2ea45719ef7fed911e2d1dc24ba69d98a418daa78b35467"},
    {file = "grpcio_tools-1.33.1-cp27-cp27m-macosx_10_9_x86_64.whl", hash = "sha256:3b417f2b4041f4805d40d57413654f0302db2cdda1ac6a5745bd0811a8589899"},
    {file = "grpcio_tools-1.33.1-cp27-cp27m-manylinux2010_i686.whl", hash = "sha256:c484ef6c1416edea005dc9b9857c5d5f3ab94f6a54291cc6521d7316a3a4327e"},
    {file = "grpcio_tools-1.33.1-cp27-cp27m-manylinux2010_x86_64.whl", hash = "sha256:b63131d5a84a7d11d85a426025328ce518575f78997d0285c9e8f1507337bb4a"},
    {file = "grpcio_tools-1.33.1-cp27-cp27m-win32.whl", hash = "sha256:7211f8b31a14974e75657ea5c968ced90d5952505f6cc7af2324477e0c2247c2"},
    {file = "grpcio_tools-1.33.1-cp27-cp27m-win_amd64.whl", hash = "sha256:18d985a388b8c1598177dbc36865a040e9c77f2d47b450afa2e92f3e63bca3b0"},
    {file = "grpcio_tools-1.33.1-cp27-cp27mu-linux_armv7l.whl", hash = "sha256:c1ad897aa0e3894d2d2e96e7d8a15c9d1b5ac38742a618e0dd38771d89f89ee5"},
    {file = "grpcio_tools-1.33.1-cp27-cp27mu-manylinux2010_i686.whl", hash = "sha256:2b207e4f013ec1d3afb827de0f319068c916642d41fb66afa92d9144511be836"},
    {file = "grpcio_tools-1.33.1-cp27-cp27mu-manylinux2010_x86_64.whl", hash = "sha256:e66e44bad421cc7fa63025a9df2f75366f18bfbfe3c6666af7ac324782e23b14"},
    {file = "grpcio_tools-1.33.1-cp35-cp35m-linux_armv7l.whl", hash = "sha256:474994879abb84de7e13596337321343bfc0e3cc8109c052610a0ad36bb4b877"},
    {file = "grpcio_tools-1.33.1-cp35-cp35m-macosx_10_9_intel.whl", hash = "sha256:ffb083da3433056db909b5c2bbf901c438e1655643a758c4f12ff29358b47ea4"},
    {file = "grpcio_tools-1.33.1-cp35-cp35m-manylinux2010_i686.whl", hash = "sha256:f0a3f0e1c707f328a2eaa64a53675b03ca4f8a8772f6732ee6d81ce2e492d223"},
    {file = "grpcio_tools-1.33.1-cp35-cp35m-manylinux2010_x86_64.whl", hash = "sha256:9b304efa47b6d6cdf73a849270fd189a49100e456733cb7f6d6ab33ae3dbecac"},
    {file = "grpcio_tools-1.33.1-cp35-cp35m-manylinux2014_i686.whl", hash = "sha256:96f52b9e9451ecc922e3fa2e740483ad305e74892c26f15cb450e8e6753439fe"},
    {file = "grpcio_tools-1.33.1-cp35-cp35m-manylinux2014_x86_64.whl", hash = "sha256:ab37d582689f5d4c10e7fe70cd495fc591556292af71ee15c6f6321ba058e0b9"},
    {file = "grpcio_tools-1.33.1-cp35-cp35m-win32.whl", hash = "sha256:5621f8629a330eddaa239775171228b5cc71781501460ed75709d91e6af2cd77"},
    {file = "grpcio_tools-1.33.1-cp35-cp35m-win_amd64.whl", hash = "sha256:bbd143d5011dd1c16b158d951dc95b1799c8f86083ada05e2bbe0cec167edd20"},
    {file = "grpcio_tools-1.33.1-cp36-cp36m-linux_armv7l.whl", hash = "sha256:c4da9df7b67541869a01f582d1f37251ebb791622d9e141c4c1a67d66ea57a31"},
    {file = "grpcio_tools-1.33.1-cp36-cp36m-macosx_10_9_x86_64.whl", hash = "sha256:1c6a611e9ae6ad5d6aa895888c5dc19d970b77fc59f7596ec1d014e328597ce3"},
    {file = "grpcio_tools-1.33.1-cp36-cp36m-manylinux2010_i686.whl", hash = "sha256:db3d50b58465c705c3fce5bc9a309ae98e671effb2097eb8318fe9158b65117f"},
    {file = "grpcio_tools-1.33.1-cp36-cp36m-manylinux2010_x86_64.whl", hash = "sha256:5377a03a7690de5202b243ad9f8e2c4e9ca43f0a6b3226c0fd9754877a558ce9"},
    {file = "grpcio_tools-1.33.1-cp36-cp36m-manylinux2014_i686.whl", hash = "sha256:6dfa887a5e699ea27960013aeae08a9344a28ff95b62a7e43d8d1e7644962601"},
    {file = "grpcio_tools-1.33.1-cp36-cp36m-manylinux2014_x86_64.whl", hash = "sha256:5fc46d3b5edd33e78d3d8b549eaa9c0fd6737ff18ad8ac3441f843a97e7676a0"},
    {file = "grpcio_tools-1.33.1-cp36-cp36m-win32.whl", hash = "sha256:1e8110ea510da931160b76d647d54351664e80c027d35cca2bc44ce48ac4eef7"},
    {file = "grpcio_tools-1.33.1-cp36-cp36m-win_amd64.whl", hash = "sha256:41eb667bb65adc9d4ff28c83d63aee87a0f52568a5fce021767925137874a9c1"},
    {file = "grpcio_tools-1.33.1-cp37-cp37m-macosx_10_9_x86_64.whl", hash = "sha256:b86a31260b3cfc151d99ba33393984b65e0d1880e946ffb480577860dfe52621"},
    {file = "grpcio_tools-1.33.1-cp37-cp37m-manylinux2010_i686.whl", hash = "sha256:05e4375bde8a092d45d1675fead6e4a7a4c3d96da973187fe4860a75d5b78ff7"},
    {file = "grpcio_tools-1.33.1-cp37-cp37m-manylinux2010_x86_64.whl", hash = "sha256:cbad3696066d6e9d818af561dd4da211b3cc652193ba5c95d256c6f6c93e1369"},
    {file = "grpcio_tools-1.33.1-cp37-cp37m-manylinux2014_i686.whl", hash = "sha256:e569847271bdd1a7fdf72e2fdac794ab299d9eec90ceff430dce42cbc14fde24"},
    {file = "grpcio_tools-1.33.1-cp37-cp37m-manylinux2014_x86_64.whl", hash = "sha256:e8d908ff4ddec31a78052513b673aa5a236d7a3c0492feac43db8051d20ecb80"},
    {file = "grpcio_tools-1.33.1-cp37-cp37m-win32.whl", hash = "sha256:ba392f73a6da3f7c51f9abae18755ad001ca8ca125736363ccf96636a51a42b8"},
    {file = "grpcio_tools-1.33.1-cp37-cp37m-win_amd64.whl", hash = "sha256:ad544798cd5d5b259a2619c2a94abe81bcf44ca8fd373190de36ad1c9170ea34"},
    {file = "grpcio_tools-1.33.1-cp38-cp38-macosx_10_9_x86_64.whl", hash = "sha256:7c770ca893e2d4794c841fa92877f765a33fb5fe17c8a61c6472b3d30b99eafc"},
    {file = "grpcio_tools-1.33.1-cp38-cp38-manylinux2010_i686.whl", hash = "sha256:8addf3ff710d85a0976b5176b4b612e75ac06a42789d114ee9549540a5ddd29a"},
    {file = "grpcio_tools-1.33.1-cp38-cp38-manylinux2010_x86_64.whl", hash = "sha256:27641f00db36b3f009d21dfb28e405163421a6aa89d30e199f02c6bd58b2616d"},
    {file = "grpcio_tools-1.33.1-cp38-cp38-manylinux2014_i686.whl", hash = "sha256:94e369783afcaa382825632066239139256ec0f860cfb4cc5f329702a7e9c701"},
    {file = "grpcio_tools-1.33.1-cp38-cp38-manylinux2014_x86_64.whl", hash = "sha256:1518d42e010953f6b80972d4fc669d529ecdcedf482c7dfbaf876dc6e5eff035"},
    {file = "grpcio_tools-1.33.1-cp38-cp38-win32.whl", hash = "sha256:6c1d86b547fd9383fe248541d35ae15ddc299e276a0d1312829a3530301b97a5"},
    {file = "grpcio_tools-1.33.1-cp38-cp38-win_amd64.whl", hash = "sha256:d47820eec86fc40492efa7a85a0869430bbad708be0e0fc0065adb4ebaec8733"},
    {file = "grpcio_tools-1.33.1-cp39-cp39-macosx_10_9_x86_64.whl", hash = "sha256:5f8fb405b3f9bb320c69b88ee2ce7cbc006827bf85c479c8075a0b617b8aaf2a"},
    {file = "grpcio_tools-1.33.1-cp39-cp39-manylinux2010_i686.whl", hash = "sha256:4c22ab4db29e31c36ef5bd6ae988bd25fa4b858e440d98763132b7be1c35a4e9"},
    {file = "grpcio_tools-1.33.1-cp39-cp39-manylinux2010_x86_64.whl", hash = "sha256:9ac16eac70d9a75241aa3b0c512d38f54a3018c6d08e6de60d4d162a6be63fbc"},
    {file = "grpcio_tools-1.33.1-cp39-cp39-manylinux2014_i686.whl", hash = "sha256:76bc561d02f0d74b0a6487841c43b344ecf599b9f34621ebe6e89b52999f3028"},
    {file = "grpcio_tools-1.33.1-cp39-cp39-manylinux2014_x86_64.whl", hash = "sha256:35f5da1180fdb633a866d2fc12ceebef1e17c3b055621bf94a74404af4c1824c"},
]
h11 = [
    {file = "h11-0.11.0-py2.py3-none-any.whl", hash = "sha256:ab6c335e1b6ef34b205d5ca3e228c9299cc7218b049819ec84a388c2525e5d87"},
    {file = "h11-0.11.0.tar.gz", hash = "sha256:3c6c61d69c6f13d41f1b80ab0322f1872702a3ba26e12aa864c928f6a43fbaab"},
]
invoke = [
    {file = "invoke-1.4.1-py2-none-any.whl", hash = "sha256:93e12876d88130c8e0d7fd6618dd5387d6b36da55ad541481dfa5e001656f134"},
    {file = "invoke-1.4.1-py3-none-any.whl", hash = "sha256:87b3ef9d72a1667e104f89b159eaf8a514dbf2f3576885b2bbdefe74c3fb2132"},
    {file = "invoke-1.4.1.tar.gz", hash = "sha256:de3f23bfe669e3db1085789fd859eb8ca8e0c5d9c20811e2407fa042e8a5e15d"},
]
more-itertools = [
    {file = "more-itertools-8.5.0.tar.gz", hash = "sha256:6f83822ae94818eae2612063a5101a7311e68ae8002005b5e05f03fd74a86a20"},
    {file = "more_itertools-8.5.0-py3-none-any.whl", hash = "sha256:9b30f12df9393f0d28af9210ff8efe48d10c94f73e5daf886f10c4b0b0b4f03c"},
]
packaging = [
    {file = "packaging-20.4-py2.py3-none-any.whl", hash = "sha256:998416ba6962ae7fbd6596850b80e17859a5753ba17c32284f67bfff33784181"},
    {file = "packaging-20.4.tar.gz", hash = "sha256:4357f74f47b9c12db93624a82154e9b120fa8293699949152b22065d556079f8"},
]
peewee = [
    {file = "peewee-3.13.3.tar.gz", hash = "sha256:1269a9736865512bd4056298003aab190957afe07d2616cf22eaf56cb6398369"},
]
pluggy = [
    {file = "pluggy-0.13.1-py2.py3-none-any.whl", hash = "sha256:966c145cd83c96502c3c3868f50408687b38434af77734af1e9ca461a4081d2d"},
    {file = "pluggy-0.13.1.tar.gz", hash = "sha256:15b2acde666561e1298d71b523007ed7364de07029219b604cf808bfa1c765b0"},
]
protobuf = [
    {file = "protobuf-3.13.0-cp27-cp27m-macosx_10_9_x86_64.whl", hash = "sha256:9c2e63c1743cba12737169c447374fab3dfeb18111a460a8c1a000e35836b18c"},
    {file = "protobuf-3.13.0-cp27-cp27mu-manylinux1_x86_64.whl", hash = "sha256:1e834076dfef9e585815757a2c7e4560c7ccc5962b9d09f831214c693a91b463"},
    {file = "protobuf-3.13.0-cp35-cp35m-macosx_10_9_intel.whl", hash = "sha256:df3932e1834a64b46ebc262e951cd82c3cf0fa936a154f0a42231140d8237060"},
    {file = "protobuf-3.13.0-cp35-cp35m-manylinux1_x86_64.whl", hash = "sha256:8c35bcbed1c0d29b127c886790e9d37e845ffc2725cc1db4bd06d70f4e8359f4"},
    {file = "protobuf-3.13.0-cp35-cp35m-win32.whl", hash = "sha256:339c3a003e3c797bc84499fa32e0aac83c768e67b3de4a5d7a5a9aa3b0da634c"},
    {file = "protobuf-3.13.0-cp35-cp35m-win_amd64.whl", hash = "sha256:361acd76f0ad38c6e38f14d08775514fbd241316cce08deb2ce914c7dfa1184a"},
    {file = "protobuf-3.13.0-cp36-cp36m-macosx_10_9_x86_64.whl", hash = "sha256:9edfdc679a3669988ec55a989ff62449f670dfa7018df6ad7f04e8dbacb10630"},
    {file = "protobuf-3.13.0-cp36-cp36m-manylinux1_x86_64.whl", hash = "sha256:5db9d3e12b6ede5e601b8d8684a7f9d90581882925c96acf8495957b4f1b204b"},
    {file = "protobuf-3.13.0-cp36-cp36m-win32.whl", hash = "sha256:c8abd7605185836f6f11f97b21200f8a864f9cb078a193fe3c9e235711d3ff1e"},
    {file = "protobuf-3.13.0-cp36-cp36m-win_amd64.whl", hash = "sha256:4d1174c9ed303070ad59553f435846a2f877598f59f9afc1b89757bdf846f2a7"},
    {file = "protobuf-3.13.0-cp37-cp37m-macosx_10_9_x86_64.whl", hash = "sha256:0bba42f439bf45c0f600c3c5993666fcb88e8441d011fad80a11df6f324eef33"},
    {file = "protobuf-3.13.0-cp37-cp37m-manylinux1_x86_64.whl", hash = "sha256:c0c5ab9c4b1eac0a9b838f1e46038c3175a95b0f2d944385884af72876bd6bc7"},
    {file = "protobuf-3.13.0-cp37-cp37m-win32.whl", hash = "sha256:f68eb9d03c7d84bd01c790948320b768de8559761897763731294e3bc316decb"},
    {file = "protobuf-3.13.0-cp37-cp37m-win_amd64.whl", hash = "sha256:91c2d897da84c62816e2f473ece60ebfeab024a16c1751aaf31100127ccd93ec"},
    {file = "protobuf-3.13.0-cp38-cp38-macosx_10_9_x86_64.whl", hash = "sha256:3dee442884a18c16d023e52e32dd34a8930a889e511af493f6dc7d4d9bf12e4f"},
    {file = "protobuf-3.13.0-cp38-cp38-manylinux1_x86_64.whl", hash = "sha256:e7662437ca1e0c51b93cadb988f9b353fa6b8013c0385d63a70c8a77d84da5f9"},
    {file = "protobuf-3.13.0-py2.py3-none-any.whl", hash = "sha256:d69697acac76d9f250ab745b46c725edf3e98ac24763990b24d58c16c642947a"},
    {file = "protobuf-3.13.0.tar.gz", hash = "sha256:6a82e0c8bb2bf58f606040cc5814e07715b2094caeba281e2e7d0b0e2e397db5"},
]
py = [
    {file = "py-1.9.0-py2.py3-none-any.whl", hash = "sha256:366389d1db726cd2fcfc79732e75410e5fe4d31db13692115529d34069a043c2"},
    {file = "py-1.9.0.tar.gz", hash = "sha256:9ca6883ce56b4e8da7e79ac18787889fa5206c79dcc67fb065376cd2fe03f342"},
]
pydantic = [
    {file = "pydantic-1.6.1-cp36-cp36m-macosx_10_9_x86_64.whl", hash = "sha256:418b84654b60e44c0cdd5384294b0e4bc1ebf42d6e873819424f3b78b8690614"},
    {file = "pydantic-1.6.1-cp36-cp36m-manylinux1_i686.whl", hash = "sha256:4900b8820b687c9a3ed753684337979574df20e6ebe4227381d04b3c3c628f99"},
    {file = "pydantic-1.6.1-cp36-cp36m-manylinux2014_i686.whl", hash = "sha256:b49c86aecde15cde33835d5d6360e55f5e0067bb7143a8303bf03b872935c75b"},
    {file = "pydantic-1.6.1-cp36-cp36m-manylinux2014_x86_64.whl", hash = "sha256:2de562a456c4ecdc80cf1a8c3e70c666625f7d02d89a6174ecf63754c734592e"},
    {file = "pydantic-1.6.1-cp36-cp36m-win_amd64.whl", hash = "sha256:f769141ab0abfadf3305d4fcf36660e5cf568a666dd3efab7c3d4782f70946b1"},
    {file = "pydantic-1.6.1-cp37-cp37m-macosx_10_9_x86_64.whl", hash = "sha256:2dc946b07cf24bee4737ced0ae77e2ea6bc97489ba5a035b603bd1b40ad81f7e"},
    {file = "pydantic-1.6.1-cp37-cp37m-manylinux1_i686.whl", hash = "sha256:36dbf6f1be212ab37b5fda07667461a9219c956181aa5570a00edfb0acdfe4a1"},
    {file = "pydantic-1.6.1-cp37-cp37m-manylinux2014_i686.whl", hash = "sha256:1783c1d927f9e1366e0e0609ae324039b2479a1a282a98ed6a6836c9ed02002c"},
    {file = "pydantic-1.6.1-cp37-cp37m-manylinux2014_x86_64.whl", hash = "sha256:cf3933c98cb5e808b62fae509f74f209730b180b1e3c3954ee3f7949e083a7df"},
    {file = "pydantic-1.6.1-cp37-cp37m-win_amd64.whl", hash = "sha256:f8af9b840a9074e08c0e6dc93101de84ba95df89b267bf7151d74c553d66833b"},
    {file = "pydantic-1.6.1-cp38-cp38-macosx_10_9_x86_64.whl", hash = "sha256:40d765fa2d31d5be8e29c1794657ad46f5ee583a565c83cea56630d3ae5878b9"},
    {file = "pydantic-1.6.1-cp38-cp38-manylinux1_i686.whl", hash = "sha256:3fa799f3cfff3e5f536cbd389368fc96a44bb30308f258c94ee76b73bd60531d"},
    {file = "pydantic-1.6.1-cp38-cp38-manylinux2014_i686.whl", hash = "sha256:6c3f162ba175678218629f446a947e3356415b6b09122dcb364e58c442c645a7"},
    {file = "pydantic-1.6.1-cp38-cp38-manylinux2014_x86_64.whl", hash = "sha256:eb75dc1809875d5738df14b6566ccf9fd9c0bcde4f36b72870f318f16b9f5c20"},
    {file = "pydantic-1.6.1-cp38-cp38-win_amd64.whl", hash = "sha256:530d7222a2786a97bc59ee0e0ebbe23728f82974b1f1ad9a11cd966143410633"},
    {file = "pydantic-1.6.1-py36.py37.py38-none-any.whl", hash = "sha256:b5b3489cb303d0f41ad4a7390cf606a5f2c7a94dcba20c051cd1c653694cb14d"},
    {file = "pydantic-1.6.1.tar.gz", hash = "sha256:54122a8ed6b75fe1dd80797f8251ad2063ea348a03b77218d73ea9fe19bd4e73"},
]
pyparsing = [
    {file = "pyparsing-2.4.7-py2.py3-none-any.whl", hash = "sha256:ef9d7589ef3c200abe66653d3f1ab1033c3c419ae9b9bdb1240a85b024efc88b"},
    {file = "pyparsing-2.4.7.tar.gz", hash = "sha256:c203ec8783bf771a155b207279b9bccb8dea02d8f0c9e5f8ead507bc3246ecc1"},
]
pytest = [
    {file = "pytest-5.4.3-py3-none-any.whl", hash = "sha256:5c0db86b698e8f170ba4582a492248919255fcd4c79b1ee64ace34301fb589a1"},
    {file = "pytest-5.4.3.tar.gz", hash = "sha256:7979331bfcba207414f5e1263b5a0f8f521d0f457318836a7355531ed1a4c7d8"},
]
pytest-freezegun = [
    {file = "pytest-freezegun-0.4.2.zip", hash = "sha256:19c82d5633751bf3ec92caa481fb5cffaac1787bd485f0df6436fd6242176949"},
    {file = "pytest_freezegun-0.4.2-py2.py3-none-any.whl", hash = "sha256:5318a6bfb8ba4b709c8471c94d0033113877b3ee02da5bfcd917c1889cde99a7"},
]
python-dateutil = [
    {file = "python-dateutil-2.8.1.tar.gz", hash = "sha256:73ebfe9dbf22e832286dafa60473e4cd239f8592f699aa5adaf10050e6e1823c"},
    {file = "python_dateutil-2.8.1-py2.py3-none-any.whl", hash = "sha256:75bb3f31ea686f1197762692a9ee6a7550b59fc6ca3a1f4b5d7e32fb98e2da2a"},
]
six = [
    {file = "six-1.15.0-py2.py3-none-any.whl", hash = "sha256:8b74bedcbbbaca38ff6d7491d76f2b06b3592611af620f8426e82dddb04a5ced"},
    {file = "six-1.15.0.tar.gz", hash = "sha256:30639c035cdb23534cd4aa2dd52c3bf48f06e5f4a941509c8bafd8ce11080259"},
]
sqlalchemy = [
    {file = "SQLAlchemy-1.3.20-cp27-cp27m-macosx_10_14_x86_64.whl", hash = "sha256:bad73f9888d30f9e1d57ac8829f8a12091bdee4949b91db279569774a866a18e"},
    {file = "SQLAlchemy-1.3.20-cp27-cp27m-manylinux1_x86_64.whl", hash = "sha256:e32e3455db14602b6117f0f422f46bc297a3853ae2c322ecd1e2c4c04daf6ed5"},
    {file = "SQLAlchemy-1.3.20-cp27-cp27m-manylinux2010_x86_64.whl", hash = "sha256:5cdfe54c1e37279dc70d92815464b77cd8ee30725adc9350f06074f91dbfeed2"},
    {file = "SQLAlchemy-1.3.20-cp27-cp27m-win32.whl", hash = "sha256:2e9bd5b23bba8ae8ce4219c9333974ff5e103c857d9ff0e4b73dc4cb244c7d86"},
    {file = "SQLAlchemy-1.3.20-cp27-cp27m-win_amd64.whl", hash = "sha256:5d92c18458a4aa27497a986038d5d797b5279268a2de303cd00910658e8d149c"},
    {file = "SQLAlchemy-1.3.20-cp27-cp27mu-manylinux1_x86_64.whl", hash = "sha256:53fd857c6c8ffc0aa6a5a3a2619f6a74247e42ec9e46b836a8ffa4abe7aab327"},
    {file = "SQLAlchemy-1.3.20-cp27-cp27mu-manylinux2010_x86_64.whl", hash = "sha256:0a92745bb1ebbcb3985ed7bda379b94627f0edbc6c82e9e4bac4fb5647ae609a"},
    {file = "SQLAlchemy-1.3.20-cp35-cp35m-macosx_10_14_x86_64.whl", hash = "sha256:b6f036ecc017ec2e2cc2a40615b41850dc7aaaea6a932628c0afc73ab98ba3fb"},
    {file = "SQLAlchemy-1.3.20-cp35-cp35m-manylinux1_x86_64.whl", hash = "sha256:3aa6d45e149a16aa1f0c46816397e12313d5e37f22205c26e06975e150ffcf2a"},
    {file = "SQLAlchemy-1.3.20-cp35-cp35m-manylinux2010_x86_64.whl", hash = "sha256:ed53209b5f0f383acb49a927179fa51a6e2259878e164273ebc6815f3a752465"},
    {file = "SQLAlchemy-1.3.20-cp35-cp35m-manylinux2014_aarch64.whl", hash = "sha256:d3b709d64b5cf064972b3763b47139e4a0dc4ae28a36437757f7663f67b99710"},
    {file = "SQLAlchemy-1.3.20-cp35-cp35m-win32.whl", hash = "sha256:950f0e17ffba7a7ceb0dd056567bc5ade22a11a75920b0e8298865dc28c0eff6"},
    {file = "SQLAlchemy-1.3.20-cp35-cp35m-win_amd64.whl", hash = "sha256:8dcbf377529a9af167cbfc5b8acec0fadd7c2357fc282a1494c222d3abfc9629"},
    {file = "SQLAlchemy-1.3.20-cp36-cp36m-macosx_10_14_x86_64.whl", hash = "sha256:0157c269701d88f5faf1fa0e4560e4d814f210c01a5b55df3cab95e9346a8bcc"},
    {file = "SQLAlchemy-1.3.20-cp36-cp36m-manylinux1_x86_64.whl", hash = "sha256:7cd40cb4bc50d9e87b3540b23df6e6b24821ba7e1f305c1492b0806c33dbdbec"},
    {file = "SQLAlchemy-1.3.20-cp36-cp36m-manylinux2010_x86_64.whl", hash = "sha256:c092fe282de83d48e64d306b4bce03114859cdbfe19bf8a978a78a0d44ddadb1"},
    {file = "SQLAlchemy-1.3.20-cp36-cp36m-manylinux2014_aarch64.whl", hash = "sha256:166917a729b9226decff29416f212c516227c2eb8a9c9f920d69ced24e30109f"},
    {file = "SQLAlchemy-1.3.20-cp36-cp36m-win32.whl", hash = "sha256:632b32183c0cb0053194a4085c304bc2320e5299f77e3024556fa2aa395c2a8b"},
    {file = "SQLAlchemy-1.3.20-cp36-cp36m-win_amd64.whl", hash = "sha256:bbc58fca72ce45a64bb02b87f73df58e29848b693869e58bd890b2ddbb42d83b"},
    {file = "SQLAlchemy-1.3.20-cp37-cp37m-macosx_10_14_x86_64.whl", hash = "sha256:b15002b9788ffe84e42baffc334739d3b68008a973d65fad0a410ca5d0531980"},
    {file = "SQLAlchemy-1.3.20-cp37-cp37m-manylinux1_x86_64.whl", hash = "sha256:9e379674728f43a0cd95c423ac0e95262500f9bfd81d33b999daa8ea1756d162"},
    {file = "SQLAlchemy-1.3.20-cp37-cp37m-manylinux2010_x86_64.whl", hash = "sha256:2b5dafed97f778e9901b79cc01b88d39c605e0545b4541f2551a2fd785adc15b"},
    {file = "SQLAlchemy-1.3.20-cp37-cp37m-manylinux2014_aarch64.whl", hash = "sha256:fcdb3755a7c355bc29df1b5e6fb8226d5c8b90551d202d69d0076a8a5649d68b"},
    {file = "SQLAlchemy-1.3.20-cp37-cp37m-win32.whl", hash = "sha256:bca4d367a725694dae3dfdc86cf1d1622b9f414e70bd19651f5ac4fb3aa96d61"},
    {file = "SQLAlchemy-1.3.20-cp37-cp37m-win_amd64.whl", hash = "sha256:f605f348f4e6a2ba00acb3399c71d213b92f27f2383fc4abebf7a37368c12142"},
    {file = "SQLAlchemy-1.3.20-cp38-cp38-macosx_10_14_x86_64.whl", hash = "sha256:84f0ac4a09971536b38cc5d515d6add7926a7e13baa25135a1dbb6afa351a376"},
    {file = "SQLAlchemy-1.3.20-cp38-cp38-manylinux1_x86_64.whl", hash = "sha256:2909dffe5c9a615b7e6c92d1ac2d31e3026dc436440a4f750f4749d114d88ceb"},
    {file = "SQLAlchemy-1.3.20-cp38-cp38-manylinux2010_x86_64.whl", hash = "sha256:c3ab23ee9674336654bf9cac30eb75ac6acb9150dc4b1391bec533a7a4126471"},
    {file = "SQLAlchemy-1.3.20-cp38-cp38-manylinux2014_aarch64.whl", hash = "sha256:009e8388d4d551a2107632921320886650b46332f61dc935e70c8bcf37d8e0d6"},
    {file = "SQLAlchemy-1.3.20-cp38-cp38-win32.whl", hash = "sha256:bf53d8dddfc3e53a5bda65f7f4aa40fae306843641e3e8e701c18a5609471edf"},
    {file = "SQLAlchemy-1.3.20-cp38-cp38-win_amd64.whl", hash = "sha256:7c735c7a6db8ee9554a3935e741cf288f7dcbe8706320251eb38c412e6a4281d"},
    {file = "SQLAlchemy-1.3.20-cp39-cp39-macosx_10_14_x86_64.whl", hash = "sha256:4bdbdb8ca577c6c366d15791747c1de6ab14529115a2eb52774240c412a7b403"},
    {file = "SQLAlchemy-1.3.20-cp39-cp39-manylinux1_x86_64.whl", hash = "sha256:ce64a44c867d128ab8e675f587aae7f61bd2db836a3c4ba522d884cd7c298a77"},
    {file = "SQLAlchemy-1.3.20-cp39-cp39-manylinux2010_x86_64.whl", hash = "sha256:be41d5de7a8e241864189b7530ca4aaf56a5204332caa70555c2d96379e18079"},
    {file = "SQLAlchemy-1.3.20-cp39-cp39-manylinux2014_aarch64.whl", hash = "sha256:1f5f369202912be72fdf9a8f25067a5ece31a2b38507bb869306f173336348da"},
    {file = "SQLAlchemy-1.3.20-cp39-cp39-win32.whl", hash = "sha256:0cca1844ba870e81c03633a99aa3dc62256fb96323431a5dec7d4e503c26372d"},
    {file = "SQLAlchemy-1.3.20-cp39-cp39-win_amd64.whl", hash = "sha256:d05cef4a164b44ffda58200efcb22355350979e000828479971ebca49b82ddb1"},
    {file = "SQLAlchemy-1.3.20.tar.gz", hash = "sha256:d2f25c7f410338d31666d7ddedfa67570900e248b940d186b48461bd4e5569a1"},
]
starlette = [
    {file = "starlette-0.13.6-py3-none-any.whl", hash = "sha256:bd2ffe5e37fb75d014728511f8e68ebf2c80b0fa3d04ca1479f4dc752ae31ac9"},
    {file = "starlette-0.13.6.tar.gz", hash = "sha256:ebe8ee08d9be96a3c9f31b2cb2a24dbdf845247b745664bd8a3f9bd0c977fdbc"},
]
stories = [
    {file = "stories-3.0.0-py3-none-any.whl", hash = "sha256:80df84015b9a756aeccd98943e3126976588873df7d3b7e3ffbc8a6d3680595d"},
    {file = "stories-3.0.0.tar.gz", hash = "sha256:2e5db2f5391b10848508c82461d86daf5684da9338ec8e0a0cefa5db2f143573"},
]
uvicorn = [
    {file = "uvicorn-0.12.2-py3-none-any.whl", hash = "sha256:e5dbed4a8a44c7b04376021021d63798d6a7bcfae9c654a0b153577b93854fba"},
    {file = "uvicorn-0.12.2.tar.gz", hash = "sha256:8ff7495c74b8286a341526ff9efa3988ebab9a4b2f561c7438c3cb420992d7dd"},
]
wcwidth = [
    {file = "wcwidth-0.2.5-py2.py3-none-any.whl", hash = "sha256:beb4802a9cebb9144e99086eff703a642a13d6a0052920003a230f3294bbe784"},
    {file = "wcwidth-0.2.5.tar.gz", hash = "sha256:c4d647b99872929fdb7bdcaa4fbe7f01413ed3d98077df798530e5b04f116c83"},
]
